
Microsoft Visual Studio Solution File, Format Version 12.00
# Visual Studio 2013
VisualStudioVersion = 12.0.31101.0
MinimumVisualStudioVersion = 10.0.40219.1
Project("{8BC9CEB8-8B4A-11D0-8D11-00A0C91BC942}") = "ditsnap_exe", "ditsnap_exe\ditsnap_exe.vcxproj", "{0CCA7D39-FBE8-4FA9-97AE-836443A4439A}"
EndProject
Project("{8BC9CEB8-8B4A-11D0-8D11-00A0C91BC942}") = "VssCopy", "VssCopy\VssCopy.vcxproj", "{CB0FCAF0-5122-4084-BF97-B5E496FC29DF}"
EndProject
Project("{8BC9CEB8-8B4A-11D0-8D11-00A0C91BC942}") = "EseDataAccess", "EseDataAccess\EseDataAccess.vcxproj", "{E21835C9-B233-489A-BAD3-C8D071E0EA95}"
EndProject
Global
	GlobalSection(SolutionConfigurationPlatforms) = preSolution
		Debug|x64 = Debug|x64
		Release|x64 = Release|x64
	EndGlobalSection
	GlobalSection(ProjectConfigurationPlatforms) = postSolution
		{0CCA7D39-FBE8-4FA9-97AE-836443A4439A}.Debug|x64.ActiveCfg = Debug|x64
		{0CCA7D39-FBE8-4FA9-97AE-836443A4439A}.Debug|x64.Build.0 = Debug|x64
		{0CCA7D39-FBE8-4FA9-97AE-836443A4439A}.Release|x64.ActiveCfg = Release|x64
		{0CCA7D39-FBE8-4FA9-97AE-836443A4439A}.Release|x64.Build.0 = Release|x64
		{CB0FCAF0-5122-4084-BF97-B5E496FC29DF}.Debug|x64.ActiveCfg = Debug|x64
		{CB0FCAF0-5122-4084-BF97-B5E496FC29DF}.Debug|x64.Build.0 = Debug|x64
		{CB0FCAF0-5122-4084-BF97-B5E496FC29DF}.Release|x64.ActiveCfg = Release|x64
		{CB0FCAF0-5122-4084-BF97-B5E496FC29DF}.Release|x64.Build.0 = Release|x64
		{E21835C9-B233-489A-BAD3-C8D071E0EA95}.Debug|x64.ActiveCfg = Debug|x64
		{E21835C9-B233-489A-BAD3-C8D071E0EA95}.Debug|x64.Build.0 = Debug|x64
		{E21835C9-B233-489A-BAD3-C8D071E0EA95}.Release|x64.ActiveCfg = Release|x64
		{E21835C9-B233-489A-BAD3-C8D071E0EA95}.Release|x64.Build.0 = Release|x64
	EndGlobalSection
	GlobalSection(SolutionProperties) = preSolution
		HideSolutionNode = FALSE
	EndGlobalSection
EndGlobal
