
Microsoft Visual Studio Solution File, Format Version 9.00
# Visual Studio 2005
Project("{8BC9CEB8-8B4A-11D0-8D11-00A0C91BC942}") = "ditsnap_exe", "ditsnap_exe\ditsnap_exe.vcproj", "{0CCA7D39-FBE8-4FA9-97AE-836443A4439A}"
EndProject
Project("{8BC9CEB8-8B4A-11D0-8D11-00A0C91BC942}") = "VssCopy", "VssCopy\VssCopy.vcproj", "{CB0FCAF0-5122-4084-BF97-B5E496FC29DF}"
EndProject
Project("{8BC9CEB8-8B4A-11D0-8D11-00A0C91BC942}") = "EseDataAccess", "EseDataAccess\EseDataAccess.vcproj", "{E21835C9-B233-489A-BAD3-C8D071E0EA95}"
EndProject
Project("{8BC9CEB8-8B4A-11D0-8D11-00A0C91BC942}") = "Common", "Common\Common.vcproj", "{7F619133-0275-4FCA-838A-89ACAEFC8B76}"
EndProject
Global
	GlobalSection(SolutionConfigurationPlatforms) = preSolution
		Debug|Win32 = Debug|Win32
		Release|Win32 = Release|Win32
	EndGlobalSection
	GlobalSection(ProjectConfigurationPlatforms) = postSolution
		{0CCA7D39-FBE8-4FA9-97AE-836443A4439A}.Debug|Win32.ActiveCfg = Debug|Win32
		{0CCA7D39-FBE8-4FA9-97AE-836443A4439A}.Debug|Win32.Build.0 = Debug|Win32
		{0CCA7D39-FBE8-4FA9-97AE-836443A4439A}.Release|Win32.ActiveCfg = Release|Win32
		{0CCA7D39-FBE8-4FA9-97AE-836443A4439A}.Release|Win32.Build.0 = Release|Win32
		{CB0FCAF0-5122-4084-BF97-B5E496FC29DF}.Debug|Win32.ActiveCfg = Debug|Win32
		{CB0FCAF0-5122-4084-BF97-B5E496FC29DF}.Debug|Win32.Build.0 = Debug|Win32
		{CB0FCAF0-5122-4084-BF97-B5E496FC29DF}.Release|Win32.ActiveCfg = Release|Win32
		{CB0FCAF0-5122-4084-BF97-B5E496FC29DF}.Release|Win32.Build.0 = Release|Win32
		{E21835C9-B233-489A-BAD3-C8D071E0EA95}.Debug|Win32.ActiveCfg = Debug|Win32
		{E21835C9-B233-489A-BAD3-C8D071E0EA95}.Debug|Win32.Build.0 = Debug|Win32
		{E21835C9-B233-489A-BAD3-C8D071E0EA95}.Release|Win32.ActiveCfg = Release|Win32
		{E21835C9-B233-489A-BAD3-C8D071E0EA95}.Release|Win32.Build.0 = Release|Win32
		{7F619133-0275-4FCA-838A-89ACAEFC8B76}.Debug|Win32.ActiveCfg = Debug|Win32
		{7F619133-0275-4FCA-838A-89ACAEFC8B76}.Debug|Win32.Build.0 = Debug|Win32
		{7F619133-0275-4FCA-838A-89ACAEFC8B76}.Release|Win32.ActiveCfg = Release|Win32
		{7F619133-0275-4FCA-838A-89ACAEFC8B76}.Release|Win32.Build.0 = Release|Win32
	EndGlobalSection
	GlobalSection(SolutionProperties) = preSolution
		HideSolutionNode = FALSE
	EndGlobalSection
EndGlobal
